
Microsoft Visual Studio Solution File, Format Version 12.00
# Visual Studio Version 16
VisualStudioVersion = 16.0.31605.320
MinimumVisualStudioVersion = 10.0.40219.1
Project("{2150E333-8FDC-42A3-9474-1A3956D46DE8}") = "Application", "Application", "{ED7A56F5-51D0-4350-9D5A-71F45F223437}"
EndProject
Project("{2150E333-8FDC-42A3-9474-1A3956D46DE8}") = "Domain", "Domain", "{77C64654-B171-4B17-A795-257BEADA7109}"
EndProject
Project("{2150E333-8FDC-42A3-9474-1A3956D46DE8}") = "ReadSide", "ReadSide", "{42B190C7-D6FF-4881-B2DB-E83FF40DABDA}"
EndProject
Project("{2150E333-8FDC-42A3-9474-1A3956D46DE8}") = "Infrastructure", "Infrastructure", "{440DD62B-7986-4A05-AC85-4251182AB7F1}"
EndProject
Project("{2150E333-8FDC-42A3-9474-1A3956D46DE8}") = "Shared", "Shared", "{7AF24D7D-8021-4875-8344-9B6B030DA04B}"
EndProject
Project("{FAE04EC0-301F-11D3-BF4B-00C04F79EFBC}") = "Extensions", "src\Extensions\Extensions.csproj", "{FD5DF2C3-5E6D-4D5C-8738-6A5234B70653}"
EndProject
Project("{FAE04EC0-301F-11D3-BF4B-00C04F79EFBC}") = "CommandWebHost", "src\CommandWebHost\CommandWebHost.csproj", "{083D1901-1BD9-45C0-BDBE-429B6EF7313C}"
EndProject
Project("{FAE04EC0-301F-11D3-BF4B-00C04F79EFBC}") = "CommandWorkerHost", "src\CommandWorkerHost\CommandWorkerHost.csproj", "{BF9DD636-0319-4063-A2BB-052823D33340}"
EndProject
Project("{FAE04EC0-301F-11D3-BF4B-00C04F79EFBC}") = "Commands", "src\Commands\Commands.csproj", "{31A53C03-F553-48D0-926B-0D0AFE794D07}"
EndProject
Project("{FAE04EC0-301F-11D3-BF4B-00C04F79EFBC}") = "CommandHandlers", "src\CommandHandlers\CommandHandlers.csproj", "{36346DC8-1F86-4DD6-9CE0-9D40FFE53006}"
EndProject
Project("{FAE04EC0-301F-11D3-BF4B-00C04F79EFBC}") = "SimulationAggregateRoot", "src\SimulationAggregateRoot\SimulationAggregateRoot.csproj", "{964DDB67-2BF2-4E10-8AC0-8E3F0F6D59E5}"
EndProject
Project("{FAE04EC0-301F-11D3-BF4B-00C04F79EFBC}") = "DomainService", "src\DomainService\DomainService.csproj", "{2FB02C32-8CE4-4B39-BA0C-8F2D98DB690D}"
EndProject
Project("{FAE04EC0-301F-11D3-BF4B-00C04F79EFBC}") = "Cqrs.Repository", "src\Cqrs.Repository\Cqrs.Repository.csproj", "{98FEA9EE-54CF-4D20-BDA3-2F997463C52E}"
EndProject
Project("{FAE04EC0-301F-11D3-BF4B-00C04F79EFBC}") = "Core", "src\Core\Core.csproj", "{D6AF9C01-00B9-409F-ADD7-D6F6CA35EAAF}"
EndProject
Project("{FAE04EC0-301F-11D3-BF4B-00C04F79EFBC}") = "SimulationViewModel", "src\SimulationViewModel\SimulationViewModel.csproj", "{C77DCCF3-2DC9-4329-A477-1FDB07C99BA4}"
EndProject
Project("{FAE04EC0-301F-11D3-BF4B-00C04F79EFBC}") = "EventWorkerHost", "src\EventWorkerHost\EventWorkerHost.csproj", "{400C9ED7-37FC-4030-A844-74BD1BFDFAEE}"
EndProject
Project("{FAE04EC0-301F-11D3-BF4B-00C04F79EFBC}") = "EventHandlers", "src\EventHandlers\EventHandlers.csproj", "{7DFD929F-747D-4575-A945-76D7123D18D9}"
EndProject
Project("{FAE04EC0-301F-11D3-BF4B-00C04F79EFBC}") = "Utility", "src\Utility\Utility.csproj", "{8ADBA20D-41D1-468C-829B-FB472BD58C19}"
EndProject
Project("{FAE04EC0-301F-11D3-BF4B-00C04F79EFBC}") = "SharedDto", "src\SharedDto\SharedDto.csproj", "{78174E8C-B286-4B64-BAFB-F863D20741F5}"
EndProject
Project("{FAE04EC0-301F-11D3-BF4B-00C04F79EFBC}") = "SimulationEvents", "src\SimulationEvents\SimulationEvents.csproj", "{C84CD9EF-896E-428C-A8B6-22D232005CE4}"
EndProject
Project("{2150E333-8FDC-42A3-9474-1A3956D46DE8}") = "External", "External", "{7919B6C6-0DC8-41B2-8E2D-3AF28A9F7A3C}"
EndProject
Project("{FAE04EC0-301F-11D3-BF4B-00C04F79EFBC}") = "External.NotificationHost", "src\External\External.NotificationHost\External.NotificationHost.csproj", "{E453D445-9F83-4224-94D2-52D060072D22}"
EndProject
Project("{FAE04EC0-301F-11D3-BF4B-00C04F79EFBC}") = "QueryWebHost", "src\QueryWebHost\QueryWebHost.csproj", "{9507EAC1-95B1-424B-BA36-50A71A11327A}"
EndProject
Global
	GlobalSection(SolutionConfigurationPlatforms) = preSolution
		Debug|Any CPU = Debug|Any CPU
		Release|Any CPU = Release|Any CPU
	EndGlobalSection
	GlobalSection(ProjectConfigurationPlatforms) = postSolution
		{FD5DF2C3-5E6D-4D5C-8738-6A5234B70653}.Debug|Any CPU.ActiveCfg = Debug|Any CPU
		{FD5DF2C3-5E6D-4D5C-8738-6A5234B70653}.Debug|Any CPU.Build.0 = Debug|Any CPU
		{FD5DF2C3-5E6D-4D5C-8738-6A5234B70653}.Release|Any CPU.ActiveCfg = Release|Any CPU
		{FD5DF2C3-5E6D-4D5C-8738-6A5234B70653}.Release|Any CPU.Build.0 = Release|Any CPU
		{083D1901-1BD9-45C0-BDBE-429B6EF7313C}.Debug|Any CPU.ActiveCfg = Debug|Any CPU
		{083D1901-1BD9-45C0-BDBE-429B6EF7313C}.Debug|Any CPU.Build.0 = Debug|Any CPU
		{083D1901-1BD9-45C0-BDBE-429B6EF7313C}.Release|Any CPU.ActiveCfg = Release|Any CPU
		{083D1901-1BD9-45C0-BDBE-429B6EF7313C}.Release|Any CPU.Build.0 = Release|Any CPU
		{BF9DD636-0319-4063-A2BB-052823D33340}.Debug|Any CPU.ActiveCfg = Debug|Any CPU
		{BF9DD636-0319-4063-A2BB-052823D33340}.Debug|Any CPU.Build.0 = Debug|Any CPU
		{BF9DD636-0319-4063-A2BB-052823D33340}.Release|Any CPU.ActiveCfg = Release|Any CPU
		{BF9DD636-0319-4063-A2BB-052823D33340}.Release|Any CPU.Build.0 = Release|Any CPU
		{31A53C03-F553-48D0-926B-0D0AFE794D07}.Debug|Any CPU.ActiveCfg = Debug|Any CPU
		{31A53C03-F553-48D0-926B-0D0AFE794D07}.Debug|Any CPU.Build.0 = Debug|Any CPU
		{31A53C03-F553-48D0-926B-0D0AFE794D07}.Release|Any CPU.ActiveCfg = Release|Any CPU
		{31A53C03-F553-48D0-926B-0D0AFE794D07}.Release|Any CPU.Build.0 = Release|Any CPU
		{36346DC8-1F86-4DD6-9CE0-9D40FFE53006}.Debug|Any CPU.ActiveCfg = Debug|Any CPU
		{36346DC8-1F86-4DD6-9CE0-9D40FFE53006}.Debug|Any CPU.Build.0 = Debug|Any CPU
		{36346DC8-1F86-4DD6-9CE0-9D40FFE53006}.Release|Any CPU.ActiveCfg = Release|Any CPU
		{36346DC8-1F86-4DD6-9CE0-9D40FFE53006}.Release|Any CPU.Build.0 = Release|Any CPU
		{964DDB67-2BF2-4E10-8AC0-8E3F0F6D59E5}.Debug|Any CPU.ActiveCfg = Debug|Any CPU
		{964DDB67-2BF2-4E10-8AC0-8E3F0F6D59E5}.Debug|Any CPU.Build.0 = Debug|Any CPU
		{964DDB67-2BF2-4E10-8AC0-8E3F0F6D59E5}.Release|Any CPU.ActiveCfg = Release|Any CPU
		{964DDB67-2BF2-4E10-8AC0-8E3F0F6D59E5}.Release|Any CPU.Build.0 = Release|Any CPU
		{2FB02C32-8CE4-4B39-BA0C-8F2D98DB690D}.Debug|Any CPU.ActiveCfg = Debug|Any CPU
		{2FB02C32-8CE4-4B39-BA0C-8F2D98DB690D}.Debug|Any CPU.Build.0 = Debug|Any CPU
		{2FB02C32-8CE4-4B39-BA0C-8F2D98DB690D}.Release|Any CPU.ActiveCfg = Release|Any CPU
		{2FB02C32-8CE4-4B39-BA0C-8F2D98DB690D}.Release|Any CPU.Build.0 = Release|Any CPU
		{98FEA9EE-54CF-4D20-BDA3-2F997463C52E}.Debug|Any CPU.ActiveCfg = Debug|Any CPU
		{98FEA9EE-54CF-4D20-BDA3-2F997463C52E}.Debug|Any CPU.Build.0 = Debug|Any CPU
		{98FEA9EE-54CF-4D20-BDA3-2F997463C52E}.Release|Any CPU.ActiveCfg = Release|Any CPU
		{98FEA9EE-54CF-4D20-BDA3-2F997463C52E}.Release|Any CPU.Build.0 = Release|Any CPU
		{D6AF9C01-00B9-409F-ADD7-D6F6CA35EAAF}.Debug|Any CPU.ActiveCfg = Debug|Any CPU
		{D6AF9C01-00B9-409F-ADD7-D6F6CA35EAAF}.Debug|Any CPU.Build.0 = Debug|Any CPU
		{D6AF9C01-00B9-409F-ADD7-D6F6CA35EAAF}.Release|Any CPU.ActiveCfg = Release|Any CPU
		{D6AF9C01-00B9-409F-ADD7-D6F6CA35EAAF}.Release|Any CPU.Build.0 = Release|Any CPU
		{C77DCCF3-2DC9-4329-A477-1FDB07C99BA4}.Debug|Any CPU.ActiveCfg = Debug|Any CPU
		{C77DCCF3-2DC9-4329-A477-1FDB07C99BA4}.Debug|Any CPU.Build.0 = Debug|Any CPU
		{C77DCCF3-2DC9-4329-A477-1FDB07C99BA4}.Release|Any CPU.ActiveCfg = Release|Any CPU
		{C77DCCF3-2DC9-4329-A477-1FDB07C99BA4}.Release|Any CPU.Build.0 = Release|Any CPU
		{400C9ED7-37FC-4030-A844-74BD1BFDFAEE}.Debug|Any CPU.ActiveCfg = Debug|Any CPU
		{400C9ED7-37FC-4030-A844-74BD1BFDFAEE}.Debug|Any CPU.Build.0 = Debug|Any CPU
		{400C9ED7-37FC-4030-A844-74BD1BFDFAEE}.Release|Any CPU.ActiveCfg = Release|Any CPU
		{400C9ED7-37FC-4030-A844-74BD1BFDFAEE}.Release|Any CPU.Build.0 = Release|Any CPU
		{7DFD929F-747D-4575-A945-76D7123D18D9}.Debug|Any CPU.ActiveCfg = Debug|Any CPU
		{7DFD929F-747D-4575-A945-76D7123D18D9}.Debug|Any CPU.Build.0 = Debug|Any CPU
		{7DFD929F-747D-4575-A945-76D7123D18D9}.Release|Any CPU.ActiveCfg = Release|Any CPU
		{7DFD929F-747D-4575-A945-76D7123D18D9}.Release|Any CPU.Build.0 = Release|Any CPU
		{8ADBA20D-41D1-468C-829B-FB472BD58C19}.Debug|Any CPU.ActiveCfg = Debug|Any CPU
		{8ADBA20D-41D1-468C-829B-FB472BD58C19}.Debug|Any CPU.Build.0 = Debug|Any CPU
		{8ADBA20D-41D1-468C-829B-FB472BD58C19}.Release|Any CPU.ActiveCfg = Release|Any CPU
		{8ADBA20D-41D1-468C-829B-FB472BD58C19}.Release|Any CPU.Build.0 = Release|Any CPU
		{78174E8C-B286-4B64-BAFB-F863D20741F5}.Debug|Any CPU.ActiveCfg = Debug|Any CPU
		{78174E8C-B286-4B64-BAFB-F863D20741F5}.Debug|Any CPU.Build.0 = Debug|Any CPU
		{78174E8C-B286-4B64-BAFB-F863D20741F5}.Release|Any CPU.ActiveCfg = Release|Any CPU
		{78174E8C-B286-4B64-BAFB-F863D20741F5}.Release|Any CPU.Build.0 = Release|Any CPU
		{C84CD9EF-896E-428C-A8B6-22D232005CE4}.Debug|Any CPU.ActiveCfg = Debug|Any CPU
		{C84CD9EF-896E-428C-A8B6-22D232005CE4}.Debug|Any CPU.Build.0 = Debug|Any CPU
		{C84CD9EF-896E-428C-A8B6-22D232005CE4}.Release|Any CPU.ActiveCfg = Release|Any CPU
		{C84CD9EF-896E-428C-A8B6-22D232005CE4}.Release|Any CPU.Build.0 = Release|Any CPU
		{E453D445-9F83-4224-94D2-52D060072D22}.Debug|Any CPU.ActiveCfg = Debug|Any CPU
		{E453D445-9F83-4224-94D2-52D060072D22}.Debug|Any CPU.Build.0 = Debug|Any CPU
		{E453D445-9F83-4224-94D2-52D060072D22}.Release|Any CPU.ActiveCfg = Release|Any CPU
		{E453D445-9F83-4224-94D2-52D060072D22}.Release|Any CPU.Build.0 = Release|Any CPU
		{9507EAC1-95B1-424B-BA36-50A71A11327A}.Debug|Any CPU.ActiveCfg = Debug|Any CPU
		{9507EAC1-95B1-424B-BA36-50A71A11327A}.Debug|Any CPU.Build.0 = Debug|Any CPU
		{9507EAC1-95B1-424B-BA36-50A71A11327A}.Release|Any CPU.ActiveCfg = Release|Any CPU
		{9507EAC1-95B1-424B-BA36-50A71A11327A}.Release|Any CPU.Build.0 = Release|Any CPU
	EndGlobalSection
	GlobalSection(SolutionProperties) = preSolution
		HideSolutionNode = FALSE
	EndGlobalSection
	GlobalSection(NestedProjects) = preSolution
		{FD5DF2C3-5E6D-4D5C-8738-6A5234B70653} = {440DD62B-7986-4A05-AC85-4251182AB7F1}
		{083D1901-1BD9-45C0-BDBE-429B6EF7313C} = {ED7A56F5-51D0-4350-9D5A-71F45F223437}
		{BF9DD636-0319-4063-A2BB-052823D33340} = {ED7A56F5-51D0-4350-9D5A-71F45F223437}
		{31A53C03-F553-48D0-926B-0D0AFE794D07} = {ED7A56F5-51D0-4350-9D5A-71F45F223437}
		{36346DC8-1F86-4DD6-9CE0-9D40FFE53006} = {ED7A56F5-51D0-4350-9D5A-71F45F223437}
		{964DDB67-2BF2-4E10-8AC0-8E3F0F6D59E5} = {77C64654-B171-4B17-A795-257BEADA7109}
		{2FB02C32-8CE4-4B39-BA0C-8F2D98DB690D} = {77C64654-B171-4B17-A795-257BEADA7109}
		{98FEA9EE-54CF-4D20-BDA3-2F997463C52E} = {440DD62B-7986-4A05-AC85-4251182AB7F1}
		{D6AF9C01-00B9-409F-ADD7-D6F6CA35EAAF} = {440DD62B-7986-4A05-AC85-4251182AB7F1}
		{C77DCCF3-2DC9-4329-A477-1FDB07C99BA4} = {42B190C7-D6FF-4881-B2DB-E83FF40DABDA}
		{400C9ED7-37FC-4030-A844-74BD1BFDFAEE} = {42B190C7-D6FF-4881-B2DB-E83FF40DABDA}
		{7DFD929F-747D-4575-A945-76D7123D18D9} = {42B190C7-D6FF-4881-B2DB-E83FF40DABDA}
		{8ADBA20D-41D1-468C-829B-FB472BD58C19} = {7AF24D7D-8021-4875-8344-9B6B030DA04B}
		{78174E8C-B286-4B64-BAFB-F863D20741F5} = {7AF24D7D-8021-4875-8344-9B6B030DA04B}
		{C84CD9EF-896E-428C-A8B6-22D232005CE4} = {77C64654-B171-4B17-A795-257BEADA7109}
		{E453D445-9F83-4224-94D2-52D060072D22} = {7919B6C6-0DC8-41B2-8E2D-3AF28A9F7A3C}
		{9507EAC1-95B1-424B-BA36-50A71A11327A} = {42B190C7-D6FF-4881-B2DB-E83FF40DABDA}
	EndGlobalSection
	GlobalSection(ExtensibilityGlobals) = postSolution
		SolutionGuid = {FF2062AD-32AF-4650-933B-F983A1EDBAC3}
	EndGlobalSection
EndGlobal
